// !$*UTF8*$!
{
	archiveVersion = 1;
	classes = {
	};
	objectVersion = 46;
	objects = {

/* Begin PBXBuildFile section */
		216999AF2B5AF39BC23F2FE5 /* Pods_BoundariesInPractice.framework in Frameworks */ = {isa = PBXBuildFile; fileRef = 3EBEE560E41591D6FB3BAFCB /* Pods_BoundariesInPractice.framework */; };
		E9DFDDD09A6ECBF028C15BD2 /* Pods_BoundariesInPracticeTests.framework in Frameworks */ = {isa = PBXBuildFile; fileRef = B9AA0566456BEFDB6EDE280D /* Pods_BoundariesInPracticeTests.framework */; };
		FA8AED1A1D0EF94300FFCBE5 /* AppDelegate.swift in Sources */ = {isa = PBXBuildFile; fileRef = FA8AED191D0EF94300FFCBE5 /* AppDelegate.swift */; };
		FA8AED1C1D0EF94300FFCBE5 /* MainViewController.swift in Sources */ = {isa = PBXBuildFile; fileRef = FA8AED1B1D0EF94300FFCBE5 /* MainViewController.swift */; };
		FA8AED1F1D0EF94300FFCBE5 /* Main.storyboard in Resources */ = {isa = PBXBuildFile; fileRef = FA8AED1D1D0EF94300FFCBE5 /* Main.storyboard */; };
		FA8AED211D0EF94300FFCBE5 /* Assets.xcassets in Resources */ = {isa = PBXBuildFile; fileRef = FA8AED201D0EF94300FFCBE5 /* Assets.xcassets */; };
		FA8AED241D0EF94300FFCBE5 /* LaunchScreen.storyboard in Resources */ = {isa = PBXBuildFile; fileRef = FA8AED221D0EF94300FFCBE5 /* LaunchScreen.storyboard */; };
		FA8AED2F1D0EF94300FFCBE5 /* BoundariesInPracticeTests.swift in Sources */ = {isa = PBXBuildFile; fileRef = FA8AED2E1D0EF94300FFCBE5 /* BoundariesInPracticeTests.swift */; };
		FA8AED3A1D0EF94300FFCBE5 /* BoundariesInPracticeUITests.swift in Sources */ = {isa = PBXBuildFile; fileRef = FA8AED391D0EF94300FFCBE5 /* BoundariesInPracticeUITests.swift */; };
		FA8AED4C1D0F0DCC00FFCBE5 /* MSMVCChildLoader.swift in Sources */ = {isa = PBXBuildFile; fileRef = FA8AED4B1D0F0DCC00FFCBE5 /* MSMVCChildLoader.swift */; };
		FA8AED4E1D102D6A00FFCBE5 /* SearchClansViewController.swift in Sources */ = {isa = PBXBuildFile; fileRef = FA8AED4D1D102D6A00FFCBE5 /* SearchClansViewController.swift */; };
		FA8AED501D1031FF00FFCBE5 /* SearchInputViewController.swift in Sources */ = {isa = PBXBuildFile; fileRef = FA8AED4F1D1031FF00FFCBE5 /* SearchInputViewController.swift */; };
		FA8AED521D105A4900FFCBE5 /* LoadingContentViewController.swift in Sources */ = {isa = PBXBuildFile; fileRef = FA8AED511D105A4900FFCBE5 /* LoadingContentViewController.swift */; };
		FA8AED551D119DAA00FFCBE5 /* ClansFactory.swift in Sources */ = {isa = PBXBuildFile; fileRef = FA8AED541D119DAA00FFCBE5 /* ClansFactory.swift */; };
		FA8AED581D11B78500FFCBE5 /* ClanViewCell.swift in Sources */ = {isa = PBXBuildFile; fileRef = FA8AED571D11B78500FFCBE5 /* ClanViewCell.swift */; };
/* End PBXBuildFile section */

/* Begin PBXContainerItemProxy section */
		FA8AED2B1D0EF94300FFCBE5 /* PBXContainerItemProxy */ = {
			isa = PBXContainerItemProxy;
			containerPortal = FA8AED0E1D0EF94200FFCBE5 /* Project object */;
			proxyType = 1;
			remoteGlobalIDString = FA8AED151D0EF94200FFCBE5;
			remoteInfo = BoundariesInPractice;
		};
		FA8AED361D0EF94300FFCBE5 /* PBXContainerItemProxy */ = {
			isa = PBXContainerItemProxy;
			containerPortal = FA8AED0E1D0EF94200FFCBE5 /* Project object */;
			proxyType = 1;
			remoteGlobalIDString = FA8AED151D0EF94200FFCBE5;
			remoteInfo = BoundariesInPractice;
		};
/* End PBXContainerItemProxy section */

/* Begin PBXFileReference section */
		2334CC1A5536F25113918B75 /* Pods-BoundariesInPracticeTests.release.xcconfig */ = {isa = PBXFileReference; includeInIndex = 1; lastKnownFileType = text.xcconfig; name = "Pods-BoundariesInPracticeTests.release.xcconfig"; path = "Pods/Target Support Files/Pods-BoundariesInPracticeTests/Pods-BoundariesInPracticeTests.release.xcconfig"; sourceTree = "<group>"; };
		3EBEE560E41591D6FB3BAFCB /* Pods_BoundariesInPractice.framework */ = {isa = PBXFileReference; explicitFileType = wrapper.framework; includeInIndex = 0; path = Pods_BoundariesInPractice.framework; sourceTree = BUILT_PRODUCTS_DIR; };
		615550777A638838F7F96192 /* Pods-BoundariesInPractice.debug.xcconfig */ = {isa = PBXFileReference; includeInIndex = 1; lastKnownFileType = text.xcconfig; name = "Pods-BoundariesInPractice.debug.xcconfig"; path = "Pods/Target Support Files/Pods-BoundariesInPractice/Pods-BoundariesInPractice.debug.xcconfig"; sourceTree = "<group>"; };
		8B04D67D5A3DDF1D20C6C552 /* Pods-BoundariesInPractice.release.xcconfig */ = {isa = PBXFileReference; includeInIndex = 1; lastKnownFileType = text.xcconfig; name = "Pods-BoundariesInPractice.release.xcconfig"; path = "Pods/Target Support Files/Pods-BoundariesInPractice/Pods-BoundariesInPractice.release.xcconfig"; sourceTree = "<group>"; };
		B9AA0566456BEFDB6EDE280D /* Pods_BoundariesInPracticeTests.framework */ = {isa = PBXFileReference; explicitFileType = wrapper.framework; includeInIndex = 0; path = Pods_BoundariesInPracticeTests.framework; sourceTree = BUILT_PRODUCTS_DIR; };
		EA3936DCAED7FB1331ED4E56 /* Pods-BoundariesInPracticeTests.debug.xcconfig */ = {isa = PBXFileReference; includeInIndex = 1; lastKnownFileType = text.xcconfig; name = "Pods-BoundariesInPracticeTests.debug.xcconfig"; path = "Pods/Target Support Files/Pods-BoundariesInPracticeTests/Pods-BoundariesInPracticeTests.debug.xcconfig"; sourceTree = "<group>"; };
		FA8AED161D0EF94300FFCBE5 /* BoundariesInPractice.app */ = {isa = PBXFileReference; explicitFileType = wrapper.application; includeInIndex = 0; path = BoundariesInPractice.app; sourceTree = BUILT_PRODUCTS_DIR; };
		FA8AED191D0EF94300FFCBE5 /* AppDelegate.swift */ = {isa = PBXFileReference; lastKnownFileType = sourcecode.swift; path = AppDelegate.swift; sourceTree = "<group>"; };
		FA8AED1B1D0EF94300FFCBE5 /* MainViewController.swift */ = {isa = PBXFileReference; lastKnownFileType = sourcecode.swift; path = MainViewController.swift; sourceTree = "<group>"; };
		FA8AED1E1D0EF94300FFCBE5 /* Base */ = {isa = PBXFileReference; lastKnownFileType = file.storyboard; name = Base; path = Base.lproj/Main.storyboard; sourceTree = "<group>"; };
		FA8AED201D0EF94300FFCBE5 /* Assets.xcassets */ = {isa = PBXFileReference; lastKnownFileType = folder.assetcatalog; path = Assets.xcassets; sourceTree = "<group>"; };
		FA8AED231D0EF94300FFCBE5 /* Base */ = {isa = PBXFileReference; lastKnownFileType = file.storyboard; name = Base; path = Base.lproj/LaunchScreen.storyboard; sourceTree = "<group>"; };
		FA8AED251D0EF94300FFCBE5 /* Info.plist */ = {isa = PBXFileReference; lastKnownFileType = text.plist.xml; path = Info.plist; sourceTree = "<group>"; };
		FA8AED2A1D0EF94300FFCBE5 /* BoundariesInPracticeTests.xctest */ = {isa = PBXFileReference; explicitFileType = wrapper.cfbundle; includeInIndex = 0; path = BoundariesInPracticeTests.xctest; sourceTree = BUILT_PRODUCTS_DIR; };
		FA8AED2E1D0EF94300FFCBE5 /* BoundariesInPracticeTests.swift */ = {isa = PBXFileReference; lastKnownFileType = sourcecode.swift; path = BoundariesInPracticeTests.swift; sourceTree = "<group>"; };
		FA8AED301D0EF94300FFCBE5 /* Info.plist */ = {isa = PBXFileReference; lastKnownFileType = text.plist.xml; path = Info.plist; sourceTree = "<group>"; };
		FA8AED351D0EF94300FFCBE5 /* BoundariesInPracticeUITests.xctest */ = {isa = PBXFileReference; explicitFileType = wrapper.cfbundle; includeInIndex = 0; path = BoundariesInPracticeUITests.xctest; sourceTree = BUILT_PRODUCTS_DIR; };
		FA8AED391D0EF94300FFCBE5 /* BoundariesInPracticeUITests.swift */ = {isa = PBXFileReference; lastKnownFileType = sourcecode.swift; path = BoundariesInPracticeUITests.swift; sourceTree = "<group>"; };
		FA8AED3B1D0EF94300FFCBE5 /* Info.plist */ = {isa = PBXFileReference; lastKnownFileType = text.plist.xml; path = Info.plist; sourceTree = "<group>"; };
		FA8AED4B1D0F0DCC00FFCBE5 /* MSMVCChildLoader.swift */ = {isa = PBXFileReference; fileEncoding = 4; lastKnownFileType = sourcecode.swift; path = MSMVCChildLoader.swift; sourceTree = "<group>"; };
		FA8AED4D1D102D6A00FFCBE5 /* SearchClansViewController.swift */ = {isa = PBXFileReference; fileEncoding = 4; lastKnownFileType = sourcecode.swift; path = SearchClansViewController.swift; sourceTree = "<group>"; };
		FA8AED4F1D1031FF00FFCBE5 /* SearchInputViewController.swift */ = {isa = PBXFileReference; fileEncoding = 4; lastKnownFileType = sourcecode.swift; path = SearchInputViewController.swift; sourceTree = "<group>"; };
		FA8AED511D105A4900FFCBE5 /* LoadingContentViewController.swift */ = {isa = PBXFileReference; fileEncoding = 4; lastKnownFileType = sourcecode.swift; path = LoadingContentViewController.swift; sourceTree = "<group>"; };
		FA8AED541D119DAA00FFCBE5 /* ClansFactory.swift */ = {isa = PBXFileReference; fileEncoding = 4; lastKnownFileType = sourcecode.swift; path = ClansFactory.swift; sourceTree = "<group>"; };
		FA8AED571D11B78500FFCBE5 /* ClanViewCell.swift */ = {isa = PBXFileReference; fileEncoding = 4; lastKnownFileType = sourcecode.swift; path = ClanViewCell.swift; sourceTree = "<group>"; };
/* End PBXFileReference section */

/* Begin PBXFrameworksBuildPhase section */
		FA8AED131D0EF94200FFCBE5 /* Frameworks */ = {
			isa = PBXFrameworksBuildPhase;
			buildActionMask = 2147483647;
			files = (
				216999AF2B5AF39BC23F2FE5 /* Pods_BoundariesInPractice.framework in Frameworks */,
			);
			runOnlyForDeploymentPostprocessing = 0;
		};
		FA8AED271D0EF94300FFCBE5 /* Frameworks */ = {
			isa = PBXFrameworksBuildPhase;
			buildActionMask = 2147483647;
			files = (
				E9DFDDD09A6ECBF028C15BD2 /* Pods_BoundariesInPracticeTests.framework in Frameworks */,
			);
			runOnlyForDeploymentPostprocessing = 0;
		};
		FA8AED321D0EF94300FFCBE5 /* Frameworks */ = {
			isa = PBXFrameworksBuildPhase;
			buildActionMask = 2147483647;
			files = (
			);
			runOnlyForDeploymentPostprocessing = 0;
		};
/* End PBXFrameworksBuildPhase section */

/* Begin PBXGroup section */
		4C83414C643029F70B17DEF8 /* Frameworks */ = {
			isa = PBXGroup;
			children = (
				3EBEE560E41591D6FB3BAFCB /* Pods_BoundariesInPractice.framework */,
				B9AA0566456BEFDB6EDE280D /* Pods_BoundariesInPracticeTests.framework */,
			);
			name = Frameworks;
			sourceTree = "<group>";
		};
		E69E214DA18B711D270B199B /* Pods */ = {
			isa = PBXGroup;
			children = (
				615550777A638838F7F96192 /* Pods-BoundariesInPractice.debug.xcconfig */,
				8B04D67D5A3DDF1D20C6C552 /* Pods-BoundariesInPractice.release.xcconfig */,
				EA3936DCAED7FB1331ED4E56 /* Pods-BoundariesInPracticeTests.debug.xcconfig */,
				2334CC1A5536F25113918B75 /* Pods-BoundariesInPracticeTests.release.xcconfig */,
			);
			name = Pods;
			sourceTree = "<group>";
		};
		FA8AED0D1D0EF94200FFCBE5 = {
			isa = PBXGroup;
			children = (
				FA8AED181D0EF94300FFCBE5 /* BoundariesInPractice */,
				FA8AED2D1D0EF94300FFCBE5 /* BoundariesInPracticeTests */,
				FA8AED381D0EF94300FFCBE5 /* BoundariesInPracticeUITests */,
				FA8AED171D0EF94300FFCBE5 /* Products */,
				E69E214DA18B711D270B199B /* Pods */,
				4C83414C643029F70B17DEF8 /* Frameworks */,
			);
			sourceTree = "<group>";
		};
		FA8AED171D0EF94300FFCBE5 /* Products */ = {
			isa = PBXGroup;
			children = (
				FA8AED161D0EF94300FFCBE5 /* BoundariesInPractice.app */,
				FA8AED2A1D0EF94300FFCBE5 /* BoundariesInPracticeTests.xctest */,
				FA8AED351D0EF94300FFCBE5 /* BoundariesInPracticeUITests.xctest */,
			);
			name = Products;
			sourceTree = "<group>";
		};
		FA8AED181D0EF94300FFCBE5 /* BoundariesInPractice */ = {
			isa = PBXGroup;
			children = (
				FA8AED471D0EF98D00FFCBE5 /* ViewControllers */,
				FA8AED191D0EF94300FFCBE5 /* AppDelegate.swift */,
				FA8AED1D1D0EF94300FFCBE5 /* Main.storyboard */,
				FA8AED201D0EF94300FFCBE5 /* Assets.xcassets */,
				FA8AED221D0EF94300FFCBE5 /* LaunchScreen.storyboard */,
				FA8AED251D0EF94300FFCBE5 /* Info.plist */,
			);
			path = BoundariesInPractice;
			sourceTree = "<group>";
		};
		FA8AED2D1D0EF94300FFCBE5 /* BoundariesInPracticeTests */ = {
			isa = PBXGroup;
			children = (
				FA8AED2E1D0EF94300FFCBE5 /* BoundariesInPracticeTests.swift */,
				FA8AED301D0EF94300FFCBE5 /* Info.plist */,
			);
			path = BoundariesInPracticeTests;
			sourceTree = "<group>";
		};
		FA8AED381D0EF94300FFCBE5 /* BoundariesInPracticeUITests */ = {
			isa = PBXGroup;
			children = (
				FA8AED391D0EF94300FFCBE5 /* BoundariesInPracticeUITests.swift */,
				FA8AED3B1D0EF94300FFCBE5 /* Info.plist */,
			);
			path = BoundariesInPracticeUITests;
			sourceTree = "<group>";
		};
		FA8AED471D0EF98D00FFCBE5 /* ViewControllers */ = {
			isa = PBXGroup;
			children = (
				FA8AED561D11B76F00FFCBE5 /* ViewCells */,
				FA8AED531D119D8A00FFCBE5 /* Models */,
				FA8AED4A1D0F0DA800FFCBE5 /* ProtocolExtentions */,
				FA8AED1B1D0EF94300FFCBE5 /* MainViewController.swift */,
				FA8AED4D1D102D6A00FFCBE5 /* SearchClansViewController.swift */,
				FA8AED4F1D1031FF00FFCBE5 /* SearchInputViewController.swift */,
				FA8AED511D105A4900FFCBE5 /* LoadingContentViewController.swift */,
			);
			name = ViewControllers;
			sourceTree = "<group>";
		};
		FA8AED4A1D0F0DA800FFCBE5 /* ProtocolExtentions */ = {
			isa = PBXGroup;
			children = (
				FA8AED4B1D0F0DCC00FFCBE5 /* MSMVCChildLoader.swift */,
			);
			name = ProtocolExtentions;
			sourceTree = "<group>";
		};
		FA8AED531D119D8A00FFCBE5 /* Models */ = {
			isa = PBXGroup;
			children = (
				FA8AED541D119DAA00FFCBE5 /* ClansFactory.swift */,
			);
			name = Models;
			sourceTree = "<group>";
		};
		FA8AED561D11B76F00FFCBE5 /* ViewCells */ = {
			isa = PBXGroup;
			children = (
				FA8AED571D11B78500FFCBE5 /* ClanViewCell.swift */,
			);
			name = ViewCells;
			sourceTree = "<group>";
		};
/* End PBXGroup section */

/* Begin PBXNativeTarget section */
		FA8AED151D0EF94200FFCBE5 /* BoundariesInPractice */ = {
			isa = PBXNativeTarget;
			buildConfigurationList = FA8AED3E1D0EF94300FFCBE5 /* Build configuration list for PBXNativeTarget "BoundariesInPractice" */;
			buildPhases = (
				D26A08085971EBFD4ACB6F51 /* Check Pods Manifest.lock */,
				FA8AED121D0EF94200FFCBE5 /* Sources */,
				FA8AED131D0EF94200FFCBE5 /* Frameworks */,
				FA8AED141D0EF94200FFCBE5 /* Resources */,
				39AA40143B91EA0DF97F8BE2 /* Embed Pods Frameworks */,
				E6167DC2F33FA3881219ABD6 /* Copy Pods Resources */,
			);
			buildRules = (
			);
			dependencies = (
			);
			name = BoundariesInPractice;
			productName = BoundariesInPractice;
			productReference = FA8AED161D0EF94300FFCBE5 /* BoundariesInPractice.app */;
			productType = "com.apple.product-type.application";
		};
		FA8AED291D0EF94300FFCBE5 /* BoundariesInPracticeTests */ = {
			isa = PBXNativeTarget;
			buildConfigurationList = FA8AED411D0EF94300FFCBE5 /* Build configuration list for PBXNativeTarget "BoundariesInPracticeTests" */;
			buildPhases = (
				D5F8D102CF00E22F58E2402C /* Check Pods Manifest.lock */,
				FA8AED261D0EF94300FFCBE5 /* Sources */,
				FA8AED271D0EF94300FFCBE5 /* Frameworks */,
				FA8AED281D0EF94300FFCBE5 /* Resources */,
				FCC346D1F49FBD6145ECA279 /* Embed Pods Frameworks */,
				F707B5580E470EBD71A2F138 /* Copy Pods Resources */,
			);
			buildRules = (
			);
			dependencies = (
				FA8AED2C1D0EF94300FFCBE5 /* PBXTargetDependency */,
			);
			name = BoundariesInPracticeTests;
			productName = BoundariesInPracticeTests;
			productReference = FA8AED2A1D0EF94300FFCBE5 /* BoundariesInPracticeTests.xctest */;
			productType = "com.apple.product-type.bundle.unit-test";
		};
		FA8AED341D0EF94300FFCBE5 /* BoundariesInPracticeUITests */ = {
			isa = PBXNativeTarget;
			buildConfigurationList = FA8AED441D0EF94300FFCBE5 /* Build configuration list for PBXNativeTarget "BoundariesInPracticeUITests" */;
			buildPhases = (
				FA8AED311D0EF94300FFCBE5 /* Sources */,
				FA8AED321D0EF94300FFCBE5 /* Frameworks */,
				FA8AED331D0EF94300FFCBE5 /* Resources */,
			);
			buildRules = (
			);
			dependencies = (
				FA8AED371D0EF94300FFCBE5 /* PBXTargetDependency */,
			);
			name = BoundariesInPracticeUITests;
			productName = BoundariesInPracticeUITests;
			productReference = FA8AED351D0EF94300FFCBE5 /* BoundariesInPracticeUITests.xctest */;
			productType = "com.apple.product-type.bundle.ui-testing";
		};
/* End PBXNativeTarget section */

/* Begin PBXProject section */
		FA8AED0E1D0EF94200FFCBE5 /* Project object */ = {
			isa = PBXProject;
			attributes = {
				LastSwiftUpdateCheck = 0730;
				LastUpgradeCheck = 0730;
				ORGANIZATIONNAME = "Alexandros Spyropoulos";
				TargetAttributes = {
					FA8AED151D0EF94200FFCBE5 = {
						CreatedOnToolsVersion = 7.3.1;
					};
					FA8AED291D0EF94300FFCBE5 = {
						CreatedOnToolsVersion = 7.3.1;
						TestTargetID = FA8AED151D0EF94200FFCBE5;
					};
					FA8AED341D0EF94300FFCBE5 = {
						CreatedOnToolsVersion = 7.3.1;
						TestTargetID = FA8AED151D0EF94200FFCBE5;
					};
				};
			};
			buildConfigurationList = FA8AED111D0EF94200FFCBE5 /* Build configuration list for PBXProject "BoundariesInPractice" */;
			compatibilityVersion = "Xcode 3.2";
			developmentRegion = English;
			hasScannedForEncodings = 0;
			knownRegions = (
				en,
				Base,
			);
			mainGroup = FA8AED0D1D0EF94200FFCBE5;
			productRefGroup = FA8AED171D0EF94300FFCBE5 /* Products */;
			projectDirPath = "";
			projectRoot = "";
			targets = (
				FA8AED151D0EF94200FFCBE5 /* BoundariesInPractice */,
				FA8AED291D0EF94300FFCBE5 /* BoundariesInPracticeTests */,
				FA8AED341D0EF94300FFCBE5 /* BoundariesInPracticeUITests */,
			);
		};
/* End PBXProject section */

/* Begin PBXResourcesBuildPhase section */
		FA8AED141D0EF94200FFCBE5 /* Resources */ = {
			isa = PBXResourcesBuildPhase;
			buildActionMask = 2147483647;
			files = (
				FA8AED241D0EF94300FFCBE5 /* LaunchScreen.storyboard in Resources */,
				FA8AED211D0EF94300FFCBE5 /* Assets.xcassets in Resources */,
				FA8AED1F1D0EF94300FFCBE5 /* Main.storyboard in Resources */,
			);
			runOnlyForDeploymentPostprocessing = 0;
		};
		FA8AED281D0EF94300FFCBE5 /* Resources */ = {
			isa = PBXResourcesBuildPhase;
			buildActionMask = 2147483647;
			files = (
			);
			runOnlyForDeploymentPostprocessing = 0;
		};
		FA8AED331D0EF94300FFCBE5 /* Resources */ = {
			isa = PBXResourcesBuildPhase;
			buildActionMask = 2147483647;
			files = (
			);
			runOnlyForDeploymentPostprocessing = 0;
		};
/* End PBXResourcesBuildPhase section */

/* Begin PBXShellScriptBuildPhase section */
		39AA40143B91EA0DF97F8BE2 /* Embed Pods Frameworks */ = {
			isa = PBXShellScriptBuildPhase;
			buildActionMask = 2147483647;
			files = (
			);
			inputPaths = (
			);
			name = "Embed Pods Frameworks";
			outputPaths = (
			);
			runOnlyForDeploymentPostprocessing = 0;
			shellPath = /bin/sh;
			shellScript = "\"${SRCROOT}/Pods/Target Support Files/Pods-BoundariesInPractice/Pods-BoundariesInPractice-frameworks.sh\"\n";
			showEnvVarsInLog = 0;
		};
		D26A08085971EBFD4ACB6F51 /* Check Pods Manifest.lock */ = {
			isa = PBXShellScriptBuildPhase;
			buildActionMask = 2147483647;
			files = (
			);
			inputPaths = (
			);
			name = "Check Pods Manifest.lock";
			outputPaths = (
			);
			runOnlyForDeploymentPostprocessing = 0;
			shellPath = /bin/sh;
			shellScript = "diff \"${PODS_ROOT}/../Podfile.lock\" \"${PODS_ROOT}/Manifest.lock\" > /dev/null\nif [[ $? != 0 ]] ; then\n    cat << EOM\nerror: The sandbox is not in sync with the Podfile.lock. Run 'pod install' or update your CocoaPods installation.\nEOM\n    exit 1\nfi\n";
			showEnvVarsInLog = 0;
		};
		D5F8D102CF00E22F58E2402C /* Check Pods Manifest.lock */ = {
			isa = PBXShellScriptBuildPhase;
			buildActionMask = 2147483647;
			files = (
			);
			inputPaths = (
			);
			name = "Check Pods Manifest.lock";
			outputPaths = (
			);
			runOnlyForDeploymentPostprocessing = 0;
			shellPath = /bin/sh;
			shellScript = "diff \"${PODS_ROOT}/../Podfile.lock\" \"${PODS_ROOT}/Manifest.lock\" > /dev/null\nif [[ $? != 0 ]] ; then\n    cat << EOM\nerror: The sandbox is not in sync with the Podfile.lock. Run 'pod install' or update your CocoaPods installation.\nEOM\n    exit 1\nfi\n";
			showEnvVarsInLog = 0;
		};
		E6167DC2F33FA3881219ABD6 /* Copy Pods Resources */ = {
			isa = PBXShellScriptBuildPhase;
			buildActionMask = 2147483647;
			files = (
			);
			inputPaths = (
			);
			name = "Copy Pods Resources";
			outputPaths = (
			);
			runOnlyForDeploymentPostprocessing = 0;
			shellPath = /bin/sh;
			shellScript = "\"${SRCROOT}/Pods/Target Support Files/Pods-BoundariesInPractice/Pods-BoundariesInPractice-resources.sh\"\n";
			showEnvVarsInLog = 0;
		};
		F707B5580E470EBD71A2F138 /* Copy Pods Resources */ = {
			isa = PBXShellScriptBuildPhase;
			buildActionMask = 2147483647;
			files = (
			);
			inputPaths = (
			);
			name = "Copy Pods Resources";
			outputPaths = (
			);
			runOnlyForDeploymentPostprocessing = 0;
			shellPath = /bin/sh;
			shellScript = "\"${SRCROOT}/Pods/Target Support Files/Pods-BoundariesInPracticeTests/Pods-BoundariesInPracticeTests-resources.sh\"\n";
			showEnvVarsInLog = 0;
		};
		FCC346D1F49FBD6145ECA279 /* Embed Pods Frameworks */ = {
			isa = PBXShellScriptBuildPhase;
			buildActionMask = 2147483647;
			files = (
			);
			inputPaths = (
			);
			name = "Embed Pods Frameworks";
			outputPaths = (
			);
			runOnlyForDeploymentPostprocessing = 0;
			shellPath = /bin/sh;
			shellScript = "\"${SRCROOT}/Pods/Target Support Files/Pods-BoundariesInPracticeTests/Pods-BoundariesInPracticeTests-frameworks.sh\"\n";
			showEnvVarsInLog = 0;
		};
/* End PBXShellScriptBuildPhase section */

/* Begin PBXSourcesBuildPhase section */
		FA8AED121D0EF94200FFCBE5 /* Sources */ = {
			isa = PBXSourcesBuildPhase;
			buildActionMask = 2147483647;
			files = (
				FA8AED4E1D102D6A00FFCBE5 /* SearchClansViewController.swift in Sources */,
				FA8AED501D1031FF00FFCBE5 /* SearchInputViewController.swift in Sources */,
				FA8AED1C1D0EF94300FFCBE5 /* MainViewController.swift in Sources */,
				FA8AED551D119DAA00FFCBE5 /* ClansFactory.swift in Sources */,
				FA8AED521D105A4900FFCBE5 /* LoadingContentViewController.swift in Sources */,
				FA8AED1A1D0EF94300FFCBE5 /* AppDelegate.swift in Sources */,
				FA8AED581D11B78500FFCBE5 /* ClanViewCell.swift in Sources */,
				FA8AED4C1D0F0DCC00FFCBE5 /* MSMVCChildLoader.swift in Sources */,
			);
			runOnlyForDeploymentPostprocessing = 0;
		};
		FA8AED261D0EF94300FFCBE5 /* Sources */ = {
			isa = PBXSourcesBuildPhase;
			buildActionMask = 2147483647;
			files = (
				FA8AED2F1D0EF94300FFCBE5 /* BoundariesInPracticeTests.swift in Sources */,
			);
			runOnlyForDeploymentPostprocessing = 0;
		};
		FA8AED311D0EF94300FFCBE5 /* Sources */ = {
			isa = PBXSourcesBuildPhase;
			buildActionMask = 2147483647;
			files = (
				FA8AED3A1D0EF94300FFCBE5 /* BoundariesInPracticeUITests.swift in Sources */,
			);
			runOnlyForDeploymentPostprocessing = 0;
		};
/* End PBXSourcesBuildPhase section */

/* Begin PBXTargetDependency section */
		FA8AED2C1D0EF94300FFCBE5 /* PBXTargetDependency */ = {
			isa = PBXTargetDependency;
			target = FA8AED151D0EF94200FFCBE5 /* BoundariesInPractice */;
			targetProxy = FA8AED2B1D0EF94300FFCBE5 /* PBXContainerItemProxy */;
		};
		FA8AED371D0EF94300FFCBE5 /* PBXTargetDependency */ = {
			isa = PBXTargetDependency;
			target = FA8AED151D0EF94200FFCBE5 /* BoundariesInPractice */;
			targetProxy = FA8AED361D0EF94300FFCBE5 /* PBXContainerItemProxy */;
		};
/* End PBXTargetDependency section */

/* Begin PBXVariantGroup section */
		FA8AED1D1D0EF94300FFCBE5 /* Main.storyboard */ = {
			isa = PBXVariantGroup;
			children = (
				FA8AED1E1D0EF94300FFCBE5 /* Base */,
			);
			name = Main.storyboard;
			sourceTree = "<group>";
		};
		FA8AED221D0EF94300FFCBE5 /* LaunchScreen.storyboard */ = {
			isa = PBXVariantGroup;
			children = (
				FA8AED231D0EF94300FFCBE5 /* Base */,
			);
			name = LaunchScreen.storyboard;
			sourceTree = "<group>";
		};
/* End PBXVariantGroup section */

/* Begin XCBuildConfiguration section */
		FA8AED3C1D0EF94300FFCBE5 /* Debug */ = {
			isa = XCBuildConfiguration;
			buildSettings = {
				ALWAYS_SEARCH_USER_PATHS = NO;
				CLANG_ANALYZER_NONNULL = YES;
				CLANG_CXX_LANGUAGE_STANDARD = "gnu++0x";
				CLANG_CXX_LIBRARY = "libc++";
				CLANG_ENABLE_MODULES = YES;
				CLANG_ENABLE_OBJC_ARC = YES;
				CLANG_WARN_BOOL_CONVERSION = YES;
				CLANG_WARN_CONSTANT_CONVERSION = YES;
				CLANG_WARN_DIRECT_OBJC_ISA_USAGE = YES_ERROR;
				CLANG_WARN_EMPTY_BODY = YES;
				CLANG_WARN_ENUM_CONVERSION = YES;
				CLANG_WARN_INT_CONVERSION = YES;
				CLANG_WARN_OBJC_ROOT_CLASS = YES_ERROR;
				CLANG_WARN_UNREACHABLE_CODE = YES;
				CLANG_WARN__DUPLICATE_METHOD_MATCH = YES;
				"CODE_SIGN_IDENTITY[sdk=iphoneos*]" = "iPhone Developer";
				COPY_PHASE_STRIP = NO;
				DEBUG_INFORMATION_FORMAT = dwarf;
				ENABLE_STRICT_OBJC_MSGSEND = YES;
				ENABLE_TESTABILITY = YES;
				GCC_C_LANGUAGE_STANDARD = gnu99;
				GCC_DYNAMIC_NO_PIC = NO;
				GCC_NO_COMMON_BLOCKS = YES;
				GCC_OPTIMIZATION_LEVEL = 0;
				GCC_PREPROCESSOR_DEFINITIONS = (
					"DEBUG=1",
					"$(inherited)",
				);
				GCC_WARN_64_TO_32_BIT_CONVERSION = YES;
				GCC_WARN_ABOUT_RETURN_TYPE = YES_ERROR;
				GCC_WARN_UNDECLARED_SELECTOR = YES;
				GCC_WARN_UNINITIALIZED_AUTOS = YES_AGGRESSIVE;
				GCC_WARN_UNUSED_FUNCTION = YES;
				GCC_WARN_UNUSED_VARIABLE = YES;
				IPHONEOS_DEPLOYMENT_TARGET = 9.3;
				MTL_ENABLE_DEBUG_INFO = YES;
				ONLY_ACTIVE_ARCH = YES;
				SDKROOT = iphoneos;
				SWIFT_OPTIMIZATION_LEVEL = "-Onone";
				TARGETED_DEVICE_FAMILY = "1,2";
			};
			name = Debug;
		};
		FA8AED3D1D0EF94300FFCBE5 /* Release */ = {
			isa = XCBuildConfiguration;
			buildSettings = {
				ALWAYS_SEARCH_USER_PATHS = NO;
				CLANG_ANALYZER_NONNULL = YES;
				CLANG_CXX_LANGUAGE_STANDARD = "gnu++0x";
				CLANG_CXX_LIBRARY = "libc++";
				CLANG_ENABLE_MODULES = YES;
				CLANG_ENABLE_OBJC_ARC = YES;
				CLANG_WARN_BOOL_CONVERSION = YES;
				CLANG_WARN_CONSTANT_CONVERSION = YES;
				CLANG_WARN_DIRECT_OBJC_ISA_USAGE = YES_ERROR;
				CLANG_WARN_EMPTY_BODY = YES;
				CLANG_WARN_ENUM_CONVERSION = YES;
				CLANG_WARN_INT_CONVERSION = YES;
				CLANG_WARN_OBJC_ROOT_CLASS = YES_ERROR;
				CLANG_WARN_UNREACHABLE_CODE = YES;
				CLANG_WARN__DUPLICATE_METHOD_MATCH = YES;
				"CODE_SIGN_IDENTITY[sdk=iphoneos*]" = "iPhone Developer";
				COPY_PHASE_STRIP = NO;
				DEBUG_INFORMATION_FORMAT = "dwarf-with-dsym";
				ENABLE_NS_ASSERTIONS = NO;
				ENABLE_STRICT_OBJC_MSGSEND = YES;
				GCC_C_LANGUAGE_STANDARD = gnu99;
				GCC_NO_COMMON_BLOCKS = YES;
				GCC_WARN_64_TO_32_BIT_CONVERSION = YES;
				GCC_WARN_ABOUT_RETURN_TYPE = YES_ERROR;
				GCC_WARN_UNDECLARED_SELECTOR = YES;
				GCC_WARN_UNINITIALIZED_AUTOS = YES_AGGRESSIVE;
				GCC_WARN_UNUSED_FUNCTION = YES;
				GCC_WARN_UNUSED_VARIABLE = YES;
				IPHONEOS_DEPLOYMENT_TARGET = 9.3;
				MTL_ENABLE_DEBUG_INFO = NO;
				SDKROOT = iphoneos;
				TARGETED_DEVICE_FAMILY = "1,2";
				VALIDATE_PRODUCT = YES;
			};
			name = Release;
		};
		FA8AED3F1D0EF94300FFCBE5 /* Debug */ = {
			isa = XCBuildConfiguration;
			baseConfigurationReference = 615550777A638838F7F96192 /* Pods-BoundariesInPractice.debug.xcconfig */;
			buildSettings = {
				ASSETCATALOG_COMPILER_APPICON_NAME = AppIcon;
				INFOPLIST_FILE = BoundariesInPractice/Info.plist;
				LD_RUNPATH_SEARCH_PATHS = "$(inherited) @executable_path/Frameworks";
				PRODUCT_BUNDLE_IDENTIFIER = com.mapplesyrupmedia.BoundariesInPractice;
				PRODUCT_NAME = "$(TARGET_NAME)";
			};
			name = Debug;
		};
		FA8AED401D0EF94300FFCBE5 /* Release */ = {
			isa = XCBuildConfiguration;
			baseConfigurationReference = 8B04D67D5A3DDF1D20C6C552 /* Pods-BoundariesInPractice.release.xcconfig */;
			buildSettings = {
				ASSETCATALOG_COMPILER_APPICON_NAME = AppIcon;
				INFOPLIST_FILE = BoundariesInPractice/Info.plist;
				LD_RUNPATH_SEARCH_PATHS = "$(inherited) @executable_path/Frameworks";
				PRODUCT_BUNDLE_IDENTIFIER = com.mapplesyrupmedia.BoundariesInPractice;
				PRODUCT_NAME = "$(TARGET_NAME)";
			};
			name = Release;
		};
		FA8AED421D0EF94300FFCBE5 /* Debug */ = {
			isa = XCBuildConfiguration;
			baseConfigurationReference = EA3936DCAED7FB1331ED4E56 /* Pods-BoundariesInPracticeTests.debug.xcconfig */;
			buildSettings = {
				BUNDLE_LOADER = "$(TEST_HOST)";
				INFOPLIST_FILE = BoundariesInPracticeTests/Info.plist;
				LD_RUNPATH_SEARCH_PATHS = "$(inherited) @executable_path/Frameworks @loader_path/Frameworks";
				PRODUCT_BUNDLE_IDENTIFIER = com.mapplesyrupmedia.BoundariesInPracticeTests;
				PRODUCT_NAME = "$(TARGET_NAME)";
				TEST_HOST = "$(BUILT_PRODUCTS_DIR)/BoundariesInPractice.app/BoundariesInPractice";
			};
			name = Debug;
		};
		FA8AED431D0EF94300FFCBE5 /* Release */ = {
			isa = XCBuildConfiguration;
			baseConfigurationReference = 2334CC1A5536F25113918B75 /* Pods-BoundariesInPracticeTests.release.xcconfig */;
			buildSettings = {
				BUNDLE_LOADER = "$(TEST_HOST)";
				INFOPLIST_FILE = BoundariesInPracticeTests/Info.plist;
				LD_RUNPATH_SEARCH_PATHS = "$(inherited) @executable_path/Frameworks @loader_path/Frameworks";
				PRODUCT_BUNDLE_IDENTIFIER = com.mapplesyrupmedia.BoundariesInPracticeTests;
				PRODUCT_NAME = "$(TARGET_NAME)";
				TEST_HOST = "$(BUILT_PRODUCTS_DIR)/BoundariesInPractice.app/BoundariesInPractice";
			};
			name = Release;
		};
		FA8AED451D0EF94300FFCBE5 /* Debug */ = {
			isa = XCBuildConfiguration;
			buildSettings = {
				INFOPLIST_FILE = BoundariesInPracticeUITests/Info.plist;
				LD_RUNPATH_SEARCH_PATHS = "$(inherited) @executable_path/Frameworks @loader_path/Frameworks";
				PRODUCT_BUNDLE_IDENTIFIER = com.mapplesyrupmedia.BoundariesInPracticeUITests;
				PRODUCT_NAME = "$(TARGET_NAME)";
				TEST_TARGET_NAME = BoundariesInPractice;
			};
			name = Debug;
		};
		FA8AED461D0EF94300FFCBE5 /* Release */ = {
			isa = XCBuildConfiguration;
			buildSettings = {
				INFOPLIST_FILE = BoundariesInPracticeUITests/Info.plist;
				LD_RUNPATH_SEARCH_PATHS = "$(inherited) @executable_path/Frameworks @loader_path/Frameworks";
				PRODUCT_BUNDLE_IDENTIFIER = com.mapplesyrupmedia.BoundariesInPracticeUITests;
				PRODUCT_NAME = "$(TARGET_NAME)";
				TEST_TARGET_NAME = BoundariesInPractice;
			};
			name = Release;
		};
/* End XCBuildConfiguration section */

/* Begin XCConfigurationList section */
		FA8AED111D0EF94200FFCBE5 /* Build configuration list for PBXProject "BoundariesInPractice" */ = {
			isa = XCConfigurationList;
			buildConfigurations = (
				FA8AED3C1D0EF94300FFCBE5 /* Debug */,
				FA8AED3D1D0EF94300FFCBE5 /* Release */,
			);
			defaultConfigurationIsVisible = 0;
			defaultConfigurationName = Release;
		};
		FA8AED3E1D0EF94300FFCBE5 /* Build configuration list for PBXNativeTarget "BoundariesInPractice" */ = {
			isa = XCConfigurationList;
			buildConfigurations = (
				FA8AED3F1D0EF94300FFCBE5 /* Debug */,
				FA8AED401D0EF94300FFCBE5 /* Release */,
			);
			defaultConfigurationIsVisible = 0;
			defaultConfigurationName = Release;
		};
		FA8AED411D0EF94300FFCBE5 /* Build configuration list for PBXNativeTarget "BoundariesInPracticeTests" */ = {
			isa = XCConfigurationList;
			buildConfigurations = (
				FA8AED421D0EF94300FFCBE5 /* Debug */,
				FA8AED431D0EF94300FFCBE5 /* Release */,
			);
			defaultConfigurationIsVisible = 0;
			defaultConfigurationName = Release;
		};
		FA8AED441D0EF94300FFCBE5 /* Build configuration list for PBXNativeTarget "BoundariesInPracticeUITests" */ = {
			isa = XCConfigurationList;
			buildConfigurations = (
				FA8AED451D0EF94300FFCBE5 /* Debug */,
				FA8AED461D0EF94300FFCBE5 /* Release */,
			);
			defaultConfigurationIsVisible = 0;
			defaultConfigurationName = Release;
		};
/* End XCConfigurationList section */
	};
	rootObject = FA8AED0E1D0EF94200FFCBE5 /* Project object */;
}
